
Microsoft Visual Studio Solution File, Format Version 12.00
# Visual Studio Version 17
VisualStudioVersion = 17.8.34525.116
MinimumVisualStudioVersion = 10.0.40219.1
Project("{9A19103F-16F7-4668-BE54-9A1E7A4F7556}") = "BusinessLogicLayer", "BusinessLogicLayer\BusinessLogicLayer.csproj", "{D657F4F5-BE12-4B6E-A093-AF56A9B69350}"
EndProject
Project("{9A19103F-16F7-4668-BE54-9A1E7A4F7556}") = "DataAccessLayer", "DataAccessLayer\DataAccessLayer.csproj", "{C25CF948-572E-4D65-AF88-96441430AB80}"
EndProject
Project("{9A19103F-16F7-4668-BE54-9A1E7A4F7556}") = "PresentationLayer", "PresentationLayer\PresentationLayer.csproj", "{52EB43FC-696E-4E8A-AD99-2EF9EA93EC2D}"
	ProjectSection(ProjectDependencies) = postProject
		{D657F4F5-BE12-4B6E-A093-AF56A9B69350} = {D657F4F5-BE12-4B6E-A093-AF56A9B69350}
	EndProjectSection
EndProject
Global
	GlobalSection(SolutionConfigurationPlatforms) = preSolution
		Debug|Any CPU = Debug|Any CPU
		Release|Any CPU = Release|Any CPU
	EndGlobalSection
	GlobalSection(ProjectConfigurationPlatforms) = postSolution
		{D657F4F5-BE12-4B6E-A093-AF56A9B69350}.Debug|Any CPU.ActiveCfg = Debug|Any CPU
		{D657F4F5-BE12-4B6E-A093-AF56A9B69350}.Debug|Any CPU.Build.0 = Debug|Any CPU
		{D657F4F5-BE12-4B6E-A093-AF56A9B69350}.Release|Any CPU.ActiveCfg = Release|Any CPU
		{D657F4F5-BE12-4B6E-A093-AF56A9B69350}.Release|Any CPU.Build.0 = Release|Any CPU
		{C25CF948-572E-4D65-AF88-96441430AB80}.Debug|Any CPU.ActiveCfg = Debug|Any CPU
		{C25CF948-572E-4D65-AF88-96441430AB80}.Debug|Any CPU.Build.0 = Debug|Any CPU
		{C25CF948-572E-4D65-AF88-96441430AB80}.Release|Any CPU.ActiveCfg = Release|Any CPU
		{C25CF948-572E-4D65-AF88-96441430AB80}.Release|Any CPU.Build.0 = Release|Any CPU
		{52EB43FC-696E-4E8A-AD99-2EF9EA93EC2D}.Debug|Any CPU.ActiveCfg = Debug|Any CPU
		{52EB43FC-696E-4E8A-AD99-2EF9EA93EC2D}.Debug|Any CPU.Build.0 = Debug|Any CPU
		{52EB43FC-696E-4E8A-AD99-2EF9EA93EC2D}.Release|Any CPU.ActiveCfg = Release|Any CPU
		{52EB43FC-696E-4E8A-AD99-2EF9EA93EC2D}.Release|Any CPU.Build.0 = Release|Any CPU
	EndGlobalSection
	GlobalSection(SolutionProperties) = preSolution
		HideSolutionNode = FALSE
	EndGlobalSection
	GlobalSection(ExtensibilityGlobals) = postSolution
		SolutionGuid = {F8FFAAB5-137B-428B-8734-526432041E72}
	EndGlobalSection
EndGlobal
